
Microsoft Visual Studio Solution File, Format Version 12.00
# Visual Studio Version 17
VisualStudioVersion = 17.4.33110.190
MinimumVisualStudioVersion = 10.0.40219.1
Project("{FAE04EC0-301F-11D3-BF4B-00C04F79EFBC}") = "Socksy", "Socksy\Socksy.csproj", "{AECE0FCE-FEFF-4BDD-B7AD-A7F147E203A9}"
EndProject
Global
	GlobalSection(SolutionConfigurationPlatforms) = preSolution
		Debug|Any CPU = Debug|Any CPU
		Release|Any CPU = Release|Any CPU
	EndGlobalSection
	GlobalSection(ProjectConfigurationPlatforms) = postSolution
		{AECE0FCE-FEFF-4BDD-B7AD-A7F147E203A9}.Debug|Any CPU.ActiveCfg = Debug|Any CPU
		{AECE0FCE-FEFF-4BDD-B7AD-A7F147E203A9}.Debug|Any CPU.Build.0 = Debug|Any CPU
		{AECE0FCE-FEFF-4BDD-B7AD-A7F147E203A9}.Release|Any CPU.ActiveCfg = Release|Any CPU
		{AECE0FCE-FEFF-4BDD-B7AD-A7F147E203A9}.Release|Any CPU.Build.0 = Release|Any CPU
	EndGlobalSection
	GlobalSection(SolutionProperties) = preSolution
		HideSolutionNode = FALSE
	EndGlobalSection
	GlobalSection(ExtensibilityGlobals) = postSolution
		SolutionGuid = {3B5A16FB-653F-4E72-A287-F093F2FB8907}
	EndGlobalSection
EndGlobal
